Microsoft Visual Studio Solution File, Format Version 12.00
# Visual Studio Version 17
VisualStudioVersion = 17.5.2.0
MinimumVisualStudioVersion = 10.0.40219.1
Project("{FAE04EC0-301F-11D3-BF4B-00C04F79EFBC}") = "curso-dotnet-backend", "curso-dotnet-backend\curso-dotnet-backend.csproj", "{D61EB0FD-1AA0-AF6B-0012-BB100D2F4DD7}"
EndProject
Project("{FAE04EC0-301F-11D3-BF4B-00C04F79EFBC}") = "curso-dotnet-backend.Common", "curso-dotnet-backend.Common\curso-dotnet-backend.Common.csproj", "{5014130C-75F5-4B3F-BAB0-57631E93F5BC}"
EndProject
Project("{FAE04EC0-301F-11D3-BF4B-00C04F79EFBC}") = "sistema-estacionamento", "sistema-estacionamento\sistema-estacionamento.csproj", "{E8D5E431-1AA1-4FCD-A0D2-B2B570DEF6A0}"
EndProject
Global
	GlobalSection(SolutionConfigurationPlatforms) = preSolution
		Debug|Any CPU = Debug|Any CPU
		Release|Any CPU = Release|Any CPU
	EndGlobalSection
	GlobalSection(ProjectConfigurationPlatforms) = postSolution
		{D61EB0FD-1AA0-AF6B-0012-BB100D2F4DD7}.Debug|Any CPU.ActiveCfg = Debug|Any CPU
		{D61EB0FD-1AA0-AF6B-0012-BB100D2F4DD7}.Debug|Any CPU.Build.0 = Debug|Any CPU
		{D61EB0FD-1AA0-AF6B-0012-BB100D2F4DD7}.Release|Any CPU.ActiveCfg = Release|Any CPU
		{D61EB0FD-1AA0-AF6B-0012-BB100D2F4DD7}.Release|Any CPU.Build.0 = Release|Any CPU
		{5014130C-75F5-4B3F-BAB0-57631E93F5BC}.Debug|Any CPU.ActiveCfg = Debug|Any CPU
		{5014130C-75F5-4B3F-BAB0-57631E93F5BC}.Debug|Any CPU.Build.0 = Debug|Any CPU
		{5014130C-75F5-4B3F-BAB0-57631E93F5BC}.Release|Any CPU.ActiveCfg = Release|Any CPU
		{5014130C-75F5-4B3F-BAB0-57631E93F5BC}.Release|Any CPU.Build.0 = Release|Any CPU
		{E8D5E431-1AA1-4FCD-A0D2-B2B570DEF6A0}.Debug|Any CPU.ActiveCfg = Debug|Any CPU
		{E8D5E431-1AA1-4FCD-A0D2-B2B570DEF6A0}.Debug|Any CPU.Build.0 = Debug|Any CPU
		{E8D5E431-1AA1-4FCD-A0D2-B2B570DEF6A0}.Release|Any CPU.ActiveCfg = Release|Any CPU
		{E8D5E431-1AA1-4FCD-A0D2-B2B570DEF6A0}.Release|Any CPU.Build.0 = Release|Any CPU
	EndGlobalSection
	GlobalSection(SolutionProperties) = preSolution
		HideSolutionNode = FALSE
	EndGlobalSection
	GlobalSection(ExtensibilityGlobals) = postSolution
		SolutionGuid = {63A53826-663A-48A4-9EFA-E0FD1ADA4F4F}
	EndGlobalSection
EndGlobal
